// !$*UTF8*$!
{
	archiveVersion = 1;
	classes = {
	};
	objectVersion = 50;
	objects = {

/* Begin PBXBuildFile section */
		0907B99426256F3100DE698D /* AppDelegate.swift in Sources */ = {isa = PBXBuildFile; fileRef = 0907B99326256F3100DE698D /* AppDelegate.swift */; };
		0907B99626256F3100DE698D /* SceneDelegate.swift in Sources */ = {isa = PBXBuildFile; fileRef = 0907B99526256F3100DE698D /* SceneDelegate.swift */; };
		0907B99826256F3100DE698D /* ViewController.swift in Sources */ = {isa = PBXBuildFile; fileRef = 0907B99726256F3100DE698D /* ViewController.swift */; };
		0907B99B26256F3100DE698D /* Main.storyboard in Resources */ = {isa = PBXBuildFile; fileRef = 0907B99926256F3100DE698D /* Main.storyboard */; };
		0907B99D26256F3400DE698D /* Assets.xcassets in Resources */ = {isa = PBXBuildFile; fileRef = 0907B99C26256F3400DE698D /* Assets.xcassets */; };
		0907B9A026256F3400DE698D /* LaunchScreen.storyboard in Resources */ = {isa = PBXBuildFile; fileRef = 0907B99E26256F3400DE698D /* LaunchScreen.storyboard */; };
		0907B9AB26256F3500DE698D /* Dota_HeroTests.swift in Sources */ = {isa = PBXBuildFile; fileRef = 0907B9AA26256F3500DE698D /* Dota_HeroTests.swift */; };
		0907B9B626256F3500DE698D /* Dota_HeroUITests.swift in Sources */ = {isa = PBXBuildFile; fileRef = 0907B9B526256F3500DE698D /* Dota_HeroUITests.swift */; };
/* End PBXBuildFile section */

/* Begin PBXContainerItemProxy section */
		0907B9A726256F3500DE698D /* PBXContainerItemProxy */ = {
			isa = PBXContainerItemProxy;
			containerPortal = 0907B98826256F3100DE698D /* Project object */;
			proxyType = 1;
			remoteGlobalIDString = 0907B98F26256F3100DE698D;
			remoteInfo = "Dota Hero";
		};
		0907B9B226256F3500DE698D /* PBXContainerItemProxy */ = {
			isa = PBXContainerItemProxy;
			containerPortal = 0907B98826256F3100DE698D /* Project object */;
			proxyType = 1;
			remoteGlobalIDString = 0907B98F26256F3100DE698D;
			remoteInfo = "Dota Hero";
		};
/* End PBXContainerItemProxy section */

/* Begin PBXFileReference section */
		0907B99026256F3100DE698D /* Dota Hero.app */ = {isa = PBXFileReference; explicitFileType = wrapper.application; includeInIndex = 0; path = "Dota Hero.app"; sourceTree = BUILT_PRODUCTS_DIR; };
		0907B99326256F3100DE698D /* AppDelegate.swift */ = {isa = PBXFileReference; lastKnownFileType = sourcecode.swift; path = AppDelegate.swift; sourceTree = "<group>"; };
		0907B99526256F3100DE698D /* SceneDelegate.swift */ = {isa = PBXFileReference; lastKnownFileType = sourcecode.swift; path = SceneDelegate.swift; sourceTree = "<group>"; };
		0907B99726256F3100DE698D /* ViewController.swift */ = {isa = PBXFileReference; lastKnownFileType = sourcecode.swift; path = ViewController.swift; sourceTree = "<group>"; };
		0907B99A26256F3100DE698D /* Base */ = {isa = PBXFileReference; lastKnownFileType = file.storyboard; name = Base; path = Base.lproj/Main.storyboard; sourceTree = "<group>"; };
		0907B99C26256F3400DE698D /* Assets.xcassets */ = {isa = PBXFileReference; lastKnownFileType = folder.assetcatalog; path = Assets.xcassets; sourceTree = "<group>"; };
		0907B99F26256F3400DE698D /* Base */ = {isa = PBXFileReference; lastKnownFileType = file.storyboard; name = Base; path = Base.lproj/LaunchScreen.storyboard; sourceTree = "<group>"; };
		0907B9A126256F3400DE698D /* Info.plist */ = {isa = PBXFileReference; lastKnownFileType = text.plist.xml; path = Info.plist; sourceTree = "<group>"; };
		0907B9A626256F3500DE698D /* Dota HeroTests.xctest */ = {isa = PBXFileReference; explicitFileType = wrapper.cfbundle; includeInIndex = 0; path = "Dota HeroTests.xctest"; sourceTree = BUILT_PRODUCTS_DIR; };
		0907B9AA26256F3500DE698D /* Dota_HeroTests.swift */ = {isa = PBXFileReference; lastKnownFileType = sourcecode.swift; path = Dota_HeroTests.swift; sourceTree = "<group>"; };
		0907B9AC26256F3500DE698D /* Info.plist */ = {isa = PBXFileReference; lastKnownFileType = text.plist.xml; path = Info.plist; sourceTree = "<group>"; };
		0907B9B126256F3500DE698D /* Dota HeroUITests.xctest */ = {isa = PBXFileReference; explicitFileType = wrapper.cfbundle; includeInIndex = 0; path = "Dota HeroUITests.xctest"; sourceTree = BUILT_PRODUCTS_DIR; };
		0907B9B526256F3500DE698D /* Dota_HeroUITests.swift */ = {isa = PBXFileReference; lastKnownFileType = sourcecode.swift; path = Dota_HeroUITests.swift; sourceTree = "<group>"; };
		0907B9B726256F3500DE698D /* Info.plist */ = {isa = PBXFileReference; lastKnownFileType = text.plist.xml; path = Info.plist; sourceTree = "<group>"; };
/* End PBXFileReference section */

/* Begin PBXFrameworksBuildPhase section */
		0907B98D26256F3100DE698D /* Frameworks */ = {
			isa = PBXFrameworksBuildPhase;
			buildActionMask = 2147483647;
			files = (
			);
			runOnlyForDeploymentPostprocessing = 0;
		};
		0907B9A326256F3500DE698D /* Frameworks */ = {
			isa = PBXFrameworksBuildPhase;
			buildActionMask = 2147483647;
			files = (
			);
			runOnlyForDeploymentPostprocessing = 0;
		};
		0907B9AE26256F3500DE698D /* Frameworks */ = {
			isa = PBXFrameworksBuildPhase;
			buildActionMask = 2147483647;
			files = (
			);
			runOnlyForDeploymentPostprocessing = 0;
		};
/* End PBXFrameworksBuildPhase section */

/* Begin PBXGroup section */
		0907B98726256F3100DE698D = {
			isa = PBXGroup;
			children = (
				0907B99226256F3100DE698D /* Dota Hero */,
				0907B9A926256F3500DE698D /* Dota HeroTests */,
				0907B9B426256F3500DE698D /* Dota HeroUITests */,
				0907B99126256F3100DE698D /* Products */,
			);
			sourceTree = "<group>";
		};
		0907B99126256F3100DE698D /* Products */ = {
			isa = PBXGroup;
			children = (
				0907B99026256F3100DE698D /* Dota Hero.app */,
				0907B9A626256F3500DE698D /* Dota HeroTests.xctest */,
				0907B9B126256F3500DE698D /* Dota HeroUITests.xctest */,
			);
			name = Products;
			sourceTree = "<group>";
		};
		0907B99226256F3100DE698D /* Dota Hero */ = {
			isa = PBXGroup;
			children = (
				0907B99326256F3100DE698D /* AppDelegate.swift */,
				0907B99526256F3100DE698D /* SceneDelegate.swift */,
				0907B99726256F3100DE698D /* ViewController.swift */,
				0907B99926256F3100DE698D /* Main.storyboard */,
				0907B99C26256F3400DE698D /* Assets.xcassets */,
				0907B99E26256F3400DE698D /* LaunchScreen.storyboard */,
				0907B9A126256F3400DE698D /* Info.plist */,
			);
			path = "Dota Hero";
			sourceTree = "<group>";
		};
		0907B9A926256F3500DE698D /* Dota HeroTests */ = {
			isa = PBXGroup;
			children = (
				0907B9AA26256F3500DE698D /* Dota_HeroTests.swift */,
				0907B9AC26256F3500DE698D /* Info.plist */,
			);
			path = "Dota HeroTests";
			sourceTree = "<group>";
		};
		0907B9B426256F3500DE698D /* Dota HeroUITests */ = {
			isa = PBXGroup;
			children = (
				0907B9B526256F3500DE698D /* Dota_HeroUITests.swift */,
				0907B9B726256F3500DE698D /* Info.plist */,
			);
			path = "Dota HeroUITests";
			sourceTree = "<group>";
		};
/* End PBXGroup section */

/* Begin PBXNativeTarget section */
		0907B98F26256F3100DE698D /* Dota Hero */ = {
			isa = PBXNativeTarget;
			buildConfigurationList = 0907B9BA26256F3500DE698D /* Build configuration list for PBXNativeTarget "Dota Hero" */;
			buildPhases = (
				0907B98C26256F3100DE698D /* Sources */,
				0907B98D26256F3100DE698D /* Frameworks */,
				0907B98E26256F3100DE698D /* Resources */,
			);
			buildRules = (
			);
			dependencies = (
			);
			name = "Dota Hero";
			productName = "Dota Hero";
			productReference = 0907B99026256F3100DE698D /* Dota Hero.app */;
			productType = "com.apple.product-type.application";
		};
		0907B9A526256F3500DE698D /* Dota HeroTests */ = {
			isa = PBXNativeTarget;
			buildConfigurationList = 0907B9BD26256F3500DE698D /* Build configuration list for PBXNativeTarget "Dota HeroTests" */;
			buildPhases = (
				0907B9A226256F3500DE698D /* Sources */,
				0907B9A326256F3500DE698D /* Frameworks */,
				0907B9A426256F3500DE698D /* Resources */,
			);
			buildRules = (
			);
			dependencies = (
				0907B9A826256F3500DE698D /* PBXTargetDependency */,
			);
			name = "Dota HeroTests";
			productName = "Dota HeroTests";
			productReference = 0907B9A626256F3500DE698D /* Dota HeroTests.xctest */;
			productType = "com.apple.product-type.bundle.unit-test";
		};
		0907B9B026256F3500DE698D /* Dota HeroUITests */ = {
			isa = PBXNativeTarget;
			buildConfigurationList = 0907B9C026256F3500DE698D /* Build configuration list for PBXNativeTarget "Dota HeroUITests" */;
			buildPhases = (
				0907B9AD26256F3500DE698D /* Sources */,
				0907B9AE26256F3500DE698D /* Frameworks */,
				0907B9AF26256F3500DE698D /* Resources */,
			);
			buildRules = (
			);
			dependencies = (
				0907B9B326256F3500DE698D /* PBXTargetDependency */,
			);
			name = "Dota HeroUITests";
			productName = "Dota HeroUITests";
			productReference = 0907B9B126256F3500DE698D /* Dota HeroUITests.xctest */;
			productType = "com.apple.product-type.bundle.ui-testing";
		};
/* End PBXNativeTarget section */

/* Begin PBXProject section */
		0907B98826256F3100DE698D /* Project object */ = {
			isa = PBXProject;
			attributes = {
				LastSwiftUpdateCheck = 1240;
				LastUpgradeCheck = 1240;
				TargetAttributes = {
					0907B98F26256F3100DE698D = {
						CreatedOnToolsVersion = 12.4;
					};
					0907B9A526256F3500DE698D = {
						CreatedOnToolsVersion = 12.4;
						TestTargetID = 0907B98F26256F3100DE698D;
					};
					0907B9B026256F3500DE698D = {
						CreatedOnToolsVersion = 12.4;
						TestTargetID = 0907B98F26256F3100DE698D;
					};
				};
			};
			buildConfigurationList = 0907B98B26256F3100DE698D /* Build configuration list for PBXProject "Dota Hero" */;
			compatibilityVersion = "Xcode 9.3";
			developmentRegion = en;
			hasScannedForEncodings = 0;
			knownRegions = (
				en,
				Base,
			);
			mainGroup = 0907B98726256F3100DE698D;
			productRefGroup = 0907B99126256F3100DE698D /* Products */;
			projectDirPath = "";
			projectRoot = "";
			targets = (
				0907B98F26256F3100DE698D /* Dota Hero */,
				0907B9A526256F3500DE698D /* Dota HeroTests */,
				0907B9B026256F3500DE698D /* Dota HeroUITests */,
			);
		};
/* End PBXProject section */

/* Begin PBXResourcesBuildPhase section */
		0907B98E26256F3100DE698D /* Resources */ = {
			isa = PBXResourcesBuildPhase;
			buildActionMask = 2147483647;
			files = (
				0907B9A026256F3400DE698D /* LaunchScreen.storyboard in Resources */,
				0907B99D26256F3400DE698D /* Assets.xcassets in Resources */,
				0907B99B26256F3100DE698D /* Main.storyboard in Resources */,
			);
			runOnlyForDeploymentPostprocessing = 0;
		};
		0907B9A426256F3500DE698D /* Resources */ = {
			isa = PBXResourcesBuildPhase;
			buildActionMask = 2147483647;
			files = (
			);
			runOnlyForDeploymentPostprocessing = 0;
		};
		0907B9AF26256F3500DE698D /* Resources */ = {
			isa = PBXResourcesBuildPhase;
			buildActionMask = 2147483647;
			files = (
			);
			runOnlyForDeploymentPostprocessing = 0;
		};
/* End PBXResourcesBuildPhase section */

/* Begin PBXSourcesBuildPhase section */
		0907B98C26256F3100DE698D /* Sources */ = {
			isa = PBXSourcesBuildPhase;
			buildActionMask = 2147483647;
			files = (
				0907B99826256F3100DE698D /* ViewController.swift in Sources */,
				0907B99426256F3100DE698D /* AppDelegate.swift in Sources */,
				0907B99626256F3100DE698D /* SceneDelegate.swift in Sources */,
			);
			runOnlyForDeploymentPostprocessing = 0;
		};
		0907B9A226256F3500DE698D /* Sources */ = {
			isa = PBXSourcesBuildPhase;
			buildActionMask = 2147483647;
			files = (
				0907B9AB26256F3500DE698D /* Dota_HeroTests.swift in Sources */,
			);
			runOnlyForDeploymentPostprocessing = 0;
		};
		0907B9AD26256F3500DE698D /* Sources */ = {
			isa = PBXSourcesBuildPhase;
			buildActionMask = 2147483647;
			files = (
				0907B9B626256F3500DE698D /* Dota_HeroUITests.swift in Sources */,
			);
			runOnlyForDeploymentPostprocessing = 0;
		};
/* End PBXSourcesBuildPhase section */

/* Begin PBXTargetDependency section */
		0907B9A826256F3500DE698D /* PBXTargetDependency */ = {
			isa = PBXTargetDependency;
			target = 0907B98F26256F3100DE698D /* Dota Hero */;
			targetProxy = 0907B9A726256F3500DE698D /* PBXContainerItemProxy */;
		};
		0907B9B326256F3500DE698D /* PBXTargetDependency */ = {
			isa = PBXTargetDependency;
			target = 0907B98F26256F3100DE698D /* Dota Hero */;
			targetProxy = 0907B9B226256F3500DE698D /* PBXContainerItemProxy */;
		};
/* End PBXTargetDependency section */

/* Begin PBXVariantGroup section */
		0907B99926256F3100DE698D /* Main.storyboard */ = {
			isa = PBXVariantGroup;
			children = (
				0907B99A26256F3100DE698D /* Base */,
			);
			name = Main.storyboard;
			sourceTree = "<group>";
		};
		0907B99E26256F3400DE698D /* LaunchScreen.storyboard */ = {
			isa = PBXVariantGroup;
			children = (
				0907B99F26256F3400DE698D /* Base */,
			);
			name = LaunchScreen.storyboard;
			sourceTree = "<group>";
		};
/* End PBXVariantGroup section */

/* Begin XCBuildConfiguration section */
		0907B9B826256F3500DE698D /* Debug */ = {
			isa = XCBuildConfiguration;
			buildSettings = {
				ALWAYS_SEARCH_USER_PATHS = NO;
				CLANG_ANALYZER_NONNULL = YES;
				CLANG_ANALYZER_NUMBER_OBJECT_CONVERSION = YES_AGGRESSIVE;
				CLANG_CXX_LANGUAGE_STANDARD = "gnu++14";
				CLANG_CXX_LIBRARY = "libc++";
				CLANG_ENABLE_MODULES = YES;
				CLANG_ENABLE_OBJC_ARC = YES;
				CLANG_ENABLE_OBJC_WEAK = YES;
				CLANG_WARN_BLOCK_CAPTURE_AUTORELEASING = YES;
				CLANG_WARN_BOOL_CONVERSION = YES;
				CLANG_WARN_COMMA = YES;
				CLANG_WARN_CONSTANT_CONVERSION = YES;
				CLANG_WARN_DEPRECATED_OBJC_IMPLEMENTATIONS = YES;
				CLANG_WARN_DIRECT_OBJC_ISA_USAGE = YES_ERROR;
				CLANG_WARN_DOCUMENTATION_COMMENTS = YES;
				CLANG_WARN_EMPTY_BODY = YES;
				CLANG_WARN_ENUM_CONVERSION = YES;
				CLANG_WARN_INFINITE_RECURSION = YES;
				CLANG_WARN_INT_CONVERSION = YES;
				CLANG_WARN_NON_LITERAL_NULL_CONVERSION = YES;
				CLANG_WARN_OBJC_IMPLICIT_RETAIN_SELF = YES;
				CLANG_WARN_OBJC_LITERAL_CONVERSION = YES;
				CLANG_WARN_OBJC_ROOT_CLASS = YES_ERROR;
				CLANG_WARN_QUOTED_INCLUDE_IN_FRAMEWORK_HEADER = YES;
				CLANG_WARN_RANGE_LOOP_ANALYSIS = YES;
				CLANG_WARN_STRICT_PROTOTYPES = YES;
				CLANG_WARN_SUSPICIOUS_MOVE = YES;
				CLANG_WARN_UNGUARDED_AVAILABILITY = YES_AGGRESSIVE;
				CLANG_WARN_UNREACHABLE_CODE = YES;
				CLANG_WARN__DUPLICATE_METHOD_MATCH = YES;
				COPY_PHASE_STRIP = NO;
				DEBUG_INFORMATION_FORMAT = dwarf;
				ENABLE_STRICT_OBJC_MSGSEND = YES;
				ENABLE_TESTABILITY = YES;
				GCC_C_LANGUAGE_STANDARD = gnu11;
				GCC_DYNAMIC_NO_PIC = NO;
				GCC_NO_COMMON_BLOCKS = YES;
				GCC_OPTIMIZATION_LEVEL = 0;
				GCC_PREPROCESSOR_DEFINITIONS = (
					"DEBUG=1",
					"$(inherited)",
				);
				GCC_WARN_64_TO_32_BIT_CONVERSION = YES;
				GCC_WARN_ABOUT_RETURN_TYPE = YES_ERROR;
				GCC_WARN_UNDECLARED_SELECTOR = YES;
				GCC_WARN_UNINITIALIZED_AUTOS = YES_AGGRESSIVE;
				GCC_WARN_UNUSED_FUNCTION = YES;
				GCC_WARN_UNUSED_VARIABLE = YES;
				IPHONEOS_DEPLOYMENT_TARGET = 14.4;
				MTL_ENABLE_DEBUG_INFO = INCLUDE_SOURCE;
				MTL_FAST_MATH = YES;
				ONLY_ACTIVE_ARCH = YES;
				SDKROOT = iphoneos;
				SWIFT_ACTIVE_COMPILATION_CONDITIONS = DEBUG;
				SWIFT_OPTIMIZATION_LEVEL = "-Onone";
			};
			name = Debug;
		};
		0907B9B926256F3500DE698D /* Release */ = {
			isa = XCBuildConfiguration;
			buildSettings = {
				ALWAYS_SEARCH_USER_PATHS = NO;
				CLANG_ANALYZER_NONNULL = YES;
				CLANG_ANALYZER_NUMBER_OBJECT_CONVERSION = YES_AGGRESSIVE;
				CLANG_CXX_LANGUAGE_STANDARD = "gnu++14";
				CLANG_CXX_LIBRARY = "libc++";
				CLANG_ENABLE_MODULES = YES;
				CLANG_ENABLE_OBJC_ARC = YES;
				CLANG_ENABLE_OBJC_WEAK = YES;
				CLANG_WARN_BLOCK_CAPTURE_AUTORELEASING = YES;
				CLANG_WARN_BOOL_CONVERSION = YES;
				CLANG_WARN_COMMA = YES;
				CLANG_WARN_CONSTANT_CONVERSION = YES;
				CLANG_WARN_DEPRECATED_OBJC_IMPLEMENTATIONS = YES;
				CLANG_WARN_DIRECT_OBJC_ISA_USAGE = YES_ERROR;
				CLANG_WARN_DOCUMENTATION_COMMENTS = YES;
				CLANG_WARN_EMPTY_BODY = YES;
				CLANG_WARN_ENUM_CONVERSION = YES;
				CLANG_WARN_INFINITE_RECURSION = YES;
				CLANG_WARN_INT_CONVERSION = YES;
				CLANG_WARN_NON_LITERAL_NULL_CONVERSION = YES;
				CLANG_WARN_OBJC_IMPLICIT_RETAIN_SELF = YES;
				CLANG_WARN_OBJC_LITERAL_CONVERSION = YES;
				CLANG_WARN_OBJC_ROOT_CLASS = YES_ERROR;
				CLANG_WARN_QUOTED_INCLUDE_IN_FRAMEWORK_HEADER = YES;
				CLANG_WARN_RANGE_LOOP_ANALYSIS = YES;
				CLANG_WARN_STRICT_PROTOTYPES = YES;
				CLANG_WARN_SUSPICIOUS_MOVE = YES;
				CLANG_WARN_UNGUARDED_AVAILABILITY = YES_AGGRESSIVE;
				CLANG_WARN_UNREACHABLE_CODE = YES;
				CLANG_WARN__DUPLICATE_METHOD_MATCH = YES;
				COPY_PHASE_STRIP = NO;
				DEBUG_INFORMATION_FORMAT = "dwarf-with-dsym";
				ENABLE_NS_ASSERTIONS = NO;
				ENABLE_STRICT_OBJC_MSGSEND = YES;
				GCC_C_LANGUAGE_STANDARD = gnu11;
				GCC_NO_COMMON_BLOCKS = YES;
				GCC_WARN_64_TO_32_BIT_CONVERSION = YES;
				GCC_WARN_ABOUT_RETURN_TYPE = YES_ERROR;
				GCC_WARN_UNDECLARED_SELECTOR = YES;
				GCC_WARN_UNINITIALIZED_AUTOS = YES_AGGRESSIVE;
				GCC_WARN_UNUSED_FUNCTION = YES;
				GCC_WARN_UNUSED_VARIABLE = YES;
				IPHONEOS_DEPLOYMENT_TARGET = 14.4;
				MTL_ENABLE_DEBUG_INFO = NO;
				MTL_FAST_MATH = YES;
				SDKROOT = iphoneos;
				SWIFT_COMPILATION_MODE = wholemodule;
				SWIFT_OPTIMIZATION_LEVEL = "-O";
				VALIDATE_PRODUCT = YES;
			};
			name = Release;
		};
		0907B9BB26256F3500DE698D /* Debug */ = {
			isa = XCBuildConfiguration;
			buildSettings = {
				ASSETCATALOG_COMPILER_APPICON_NAME = AppIcon;
				ASSETCATALOG_COMPILER_GLOBAL_ACCENT_COLOR_NAME = AccentColor;
				CODE_SIGN_STYLE = Automatic;
				DEVELOPMENT_TEAM = 2XY36J723V;
				INFOPLIST_FILE = "Dota Hero/Info.plist";
				LD_RUNPATH_SEARCH_PATHS = (
					"$(inherited)",
					"@executable_path/Frameworks",
				);
				PRODUCT_BUNDLE_IDENTIFIER = "tikettest.Dota-Hero";
				PRODUCT_NAME = "$(TARGET_NAME)";
				SWIFT_VERSION = 5.0;
				TARGETED_DEVICE_FAMILY = "1,2";
			};
			name = Debug;
		};
		0907B9BC26256F3500DE698D /* Release */ = {
			isa = XCBuildConfiguration;
			buildSettings = {
				ASSETCATALOG_COMPILER_APPICON_NAME = AppIcon;
				ASSETCATALOG_COMPILER_GLOBAL_ACCENT_COLOR_NAME = AccentColor;
				CODE_SIGN_STYLE = Automatic;
				DEVELOPMENT_TEAM = 2XY36J723V;
				INFOPLIST_FILE = "Dota Hero/Info.plist";
				LD_RUNPATH_SEARCH_PATHS = (
					"$(inherited)",
					"@executable_path/Frameworks",
				);
				PRODUCT_BUNDLE_IDENTIFIER = "tikettest.Dota-Hero";
				PRODUCT_NAME = "$(TARGET_NAME)";
				SWIFT_VERSION = 5.0;
				TARGETED_DEVICE_FAMILY = "1,2";
			};
			name = Release;
		};
		0907B9BE26256F3500DE698D /* Debug */ = {
			isa = XCBuildConfiguration;
			buildSettings = {
				ALWAYS_EMBED_SWIFT_STANDARD_LIBRARIES = YES;
				BUNDLE_LOADER = "$(TEST_HOST)";
				CODE_SIGN_STYLE = Automatic;
				DEVELOPMENT_TEAM = 2XY36J723V;
				INFOPLIST_FILE = "Dota HeroTests/Info.plist";
				IPHONEOS_DEPLOYMENT_TARGET = 14.4;
				LD_RUNPATH_SEARCH_PATHS = (
					"$(inherited)",
					"@executable_path/Frameworks",
					"@loader_path/Frameworks",
				);
				PRODUCT_BUNDLE_IDENTIFIER = "tikettest.Dota-HeroTests";
				PRODUCT_NAME = "$(TARGET_NAME)";
				SWIFT_VERSION = 5.0;
				TARGETED_DEVICE_FAMILY = "1,2";
				TEST_HOST = "$(BUILT_PRODUCTS_DIR)/Dota Hero.app/Dota Hero";
			};
			name = Debug;
		};
		0907B9BF26256F3500DE698D /* Release */ = {
			isa = XCBuildConfiguration;
			buildSettings = {
				ALWAYS_EMBED_SWIFT_STANDARD_LIBRARIES = YES;
				BUNDLE_LOADER = "$(TEST_HOST)";
				CODE_SIGN_STYLE = Automatic;
				DEVELOPMENT_TEAM = 2XY36J723V;
				INFOPLIST_FILE = "Dota HeroTests/Info.plist";
				IPHONEOS_DEPLOYMENT_TARGET = 14.4;
				LD_RUNPATH_SEARCH_PATHS = (
					"$(inherited)",
					"@executable_path/Frameworks",
					"@loader_path/Frameworks",
				);
				PRODUCT_BUNDLE_IDENTIFIER = "tikettest.Dota-HeroTests";
				PRODUCT_NAME = "$(TARGET_NAME)";
				SWIFT_VERSION = 5.0;
				TARGETED_DEVICE_FAMILY = "1,2";
				TEST_HOST = "$(BUILT_PRODUCTS_DIR)/Dota Hero.app/Dota Hero";
			};
			name = Release;
		};
		0907B9C126256F3500DE698D /* Debug */ = {
			isa = XCBuildConfiguration;
			buildSettings = {
				ALWAYS_EMBED_SWIFT_STANDARD_LIBRARIES = YES;
				CODE_SIGN_STYLE = Automatic;
				DEVELOPMENT_TEAM = 2XY36J723V;
				INFOPLIST_FILE = "Dota HeroUITests/Info.plist";
				LD_RUNPATH_SEARCH_PATHS = (
					"$(inherited)",
					"@executable_path/Frameworks",
					"@loader_path/Frameworks",
				);
				PRODUCT_BUNDLE_IDENTIFIER = "tikettest.Dota-HeroUITests";
				PRODUCT_NAME = "$(TARGET_NAME)";
				SWIFT_VERSION = 5.0;
				TARGETED_DEVICE_FAMILY = "1,2";
				TEST_TARGET_NAME = "Dota Hero";
			};
			name = Debug;
		};
		0907B9C226256F3500DE698D /* Release */ = {
			isa = XCBuildConfiguration;
			buildSettings = {
				ALWAYS_EMBED_SWIFT_STANDARD_LIBRARIES = YES;
				CODE_SIGN_STYLE = Automatic;
				DEVELOPMENT_TEAM = 2XY36J723V;
				INFOPLIST_FILE = "Dota HeroUITests/Info.plist";
				LD_RUNPATH_SEARCH_PATHS = (
					"$(inherited)",
					"@executable_path/Frameworks",
					"@loader_path/Frameworks",
				);
				PRODUCT_BUNDLE_IDENTIFIER = "tikettest.Dota-HeroUITests";
				PRODUCT_NAME = "$(TARGET_NAME)";
				SWIFT_VERSION = 5.0;
				TARGETED_DEVICE_FAMILY = "1,2";
				TEST_TARGET_NAME = "Dota Hero";
			};
			name = Release;
		};
/* End XCBuildConfiguration section */

/* Begin XCConfigurationList section */
		0907B98B26256F3100DE698D /* Build configuration list for PBXProject "Dota Hero" */ = {
			isa = XCConfigurationList;
			buildConfigurations = (
				0907B9B826256F3500DE698D /* Debug */,
				0907B9B926256F3500DE698D /* Release */,
			);
			defaultConfigurationIsVisible = 0;
			defaultConfigurationName = Release;
		};
		0907B9BA26256F3500DE698D /* Build configuration list for PBXNativeTarget "Dota Hero" */ = {
			isa = XCConfigurationList;
			buildConfigurations = (
				0907B9BB26256F3500DE698D /* Debug */,
				0907B9BC26256F3500DE698D /* Release */,
			);
			defaultConfigurationIsVisible = 0;
			defaultConfigurationName = Release;
		};
		0907B9BD26256F3500DE698D /* Build configuration list for PBXNativeTarget "Dota HeroTests" */ = {
			isa = XCConfigurationList;
			buildConfigurations = (
				0907B9BE26256F3500DE698D /* Debug */,
				0907B9BF26256F3500DE698D /* Release */,
			);
			defaultConfigurationIsVisible = 0;
			defaultConfigurationName = Release;
		};
		0907B9C026256F3500DE698D /* Build configuration list for PBXNativeTarget "Dota HeroUITests" */ = {
			isa = XCConfigurationList;
			buildConfigurations = (
				0907B9C126256F3500DE698D /* Debug */,
				0907B9C226256F3500DE698D /* Release */,
			);
			defaultConfigurationIsVisible = 0;
			defaultConfigurationName = Release;
		};
/* End XCConfigurationList section */
	};
	rootObject = 0907B98826256F3100DE698D /* Project object */;
}
